
Microsoft Visual Studio Solution File, Format Version 12.00
# Visual Studio Version 17
VisualStudioVersion = 17.11.35312.102
MinimumVisualStudioVersion = 10.0.40219.1
Project("{FAE04EC0-301F-11D3-BF4B-00C04F79EFBC}") = "GSLC", "GSLC\GSLC.csproj", "{155F9176-BCA3-4D00-AE07-0571C2C6CBA0}"
EndProject
Global
	GlobalSection(SolutionConfigurationPlatforms) = preSolution
		Debug|Any CPU = Debug|Any CPU
		Release|Any CPU = Release|Any CPU
	EndGlobalSection
	GlobalSection(ProjectConfigurationPlatforms) = postSolution
		{155F9176-BCA3-4D00-AE07-0571C2C6CBA0}.Debug|Any CPU.ActiveCfg = Debug|Any CPU
		{155F9176-BCA3-4D00-AE07-0571C2C6CBA0}.Debug|Any CPU.Build.0 = Debug|Any CPU
		{155F9176-BCA3-4D00-AE07-0571C2C6CBA0}.Release|Any CPU.ActiveCfg = Release|Any CPU
		{155F9176-BCA3-4D00-AE07-0571C2C6CBA0}.Release|Any CPU.Build.0 = Release|Any CPU
	EndGlobalSection
	GlobalSection(SolutionProperties) = preSolution
		HideSolutionNode = FALSE
	EndGlobalSection
	GlobalSection(ExtensibilityGlobals) = postSolution
		SolutionGuid = {4E661D7A-1432-42F2-9C01-0A1ECD9F2E8D}
	EndGlobalSection
EndGlobal
